
Microsoft Visual Studio Solution File, Format Version 12.00
# Visual Studio 15
VisualStudioVersion = 15.0.27703.2042
MinimumVisualStudioVersion = 10.0.40219.1
Project("{FAE04EC0-301F-11D3-BF4B-00C04F79EFBC}") = "Eshop", "Eshop\Eshop.csproj", "{D7199C80-F835-4062-950C-2EC245222D80}"
EndProject
Project("{FAE04EC0-301F-11D3-BF4B-00C04F79EFBC}") = "SHOPAZ", "SHOPAZ\SHOPAZ.csproj", "{260A14ED-235F-46BB-BE62-82A7773747C5}"
EndProject
Global
	GlobalSection(SolutionConfigurationPlatforms) = preSolution
		Debug|Any CPU = Debug|Any CPU
		Release|Any CPU = Release|Any CPU
	EndGlobalSection
	GlobalSection(ProjectConfigurationPlatforms) = postSolution
		{D7199C80-F835-4062-950C-2EC245222D80}.Debug|Any CPU.ActiveCfg = Debug|Any CPU
		{D7199C80-F835-4062-950C-2EC245222D80}.Debug|Any CPU.Build.0 = Debug|Any CPU
		{D7199C80-F835-4062-950C-2EC245222D80}.Release|Any CPU.ActiveCfg = Release|Any CPU
		{D7199C80-F835-4062-950C-2EC245222D80}.Release|Any CPU.Build.0 = Release|Any CPU
		{260A14ED-235F-46BB-BE62-82A7773747C5}.Debug|Any CPU.ActiveCfg = Debug|Any CPU
		{260A14ED-235F-46BB-BE62-82A7773747C5}.Debug|Any CPU.Build.0 = Debug|Any CPU
		{260A14ED-235F-46BB-BE62-82A7773747C5}.Release|Any CPU.ActiveCfg = Release|Any CPU
		{260A14ED-235F-46BB-BE62-82A7773747C5}.Release|Any CPU.Build.0 = Release|Any CPU
	EndGlobalSection
	GlobalSection(SolutionProperties) = preSolution
		HideSolutionNode = FALSE
	EndGlobalSection
	GlobalSection(ExtensibilityGlobals) = postSolution
		SolutionGuid = {30AB9ADA-7782-45BD-9563-A7B8CCC8BB6D}
	EndGlobalSection
EndGlobal
